
Microsoft Visual Studio Solution File, Format Version 12.00
# Visual Studio 2015
Project("{FAE04EC0-301F-11D3-BF4B-00C04F79EFBC}") = "almostfinal2", "almostfinal2.csproj", "{D33EF445-31DF-1B6B-0E5C-5B98F89408EC}"
EndProject
Global
	GlobalSection(SolutionConfigurationPlatforms) = preSolution
		Debug|Any CPU = Debug|Any CPU
		Release|Any CPU = Release|Any CPU
	EndGlobalSection
	GlobalSection(ProjectConfigurationPlatforms) = postSolution
		{D33EF445-31DF-1B6B-0E5C-5B98F89408EC}.Debug|Any CPU.ActiveCfg = Debug|Any CPU
		{D33EF445-31DF-1B6B-0E5C-5B98F89408EC}.Debug|Any CPU.Build.0 = Debug|Any CPU
		{D33EF445-31DF-1B6B-0E5C-5B98F89408EC}.Release|Any CPU.ActiveCfg = Release|Any CPU
		{D33EF445-31DF-1B6B-0E5C-5B98F89408EC}.Release|Any CPU.Build.0 = Release|Any CPU
	EndGlobalSection
	GlobalSection(SolutionProperties) = preSolution
		HideSolutionNode = FALSE
	EndGlobalSection
EndGlobal
