
Microsoft Visual Studio Solution File, Format Version 11.00
# Visual Studio 2010
Project("{FAE04EC0-301F-11D3-BF4B-00C04F79EFBC}") = "Final game", "Assembly-CSharp.csproj", "{FEBFACE1-5159-41E4-0F27-1394F429BEE3}"
EndProject
Global
	GlobalSection(SolutionConfigurationPlatforms) = preSolution
		Debug|Any CPU = Debug|Any CPU
		Release|Any CPU = Release|Any CPU
	EndGlobalSection
	GlobalSection(ProjectConfigurationPlatforms) = postSolution
		{FEBFACE1-5159-41E4-0F27-1394F429BEE3}.Debug|Any CPU.ActiveCfg = Debug|Any CPU
		{FEBFACE1-5159-41E4-0F27-1394F429BEE3}.Debug|Any CPU.Build.0 = Debug|Any CPU
		{FEBFACE1-5159-41E4-0F27-1394F429BEE3}.Release|Any CPU.ActiveCfg = Release|Any CPU
		{FEBFACE1-5159-41E4-0F27-1394F429BEE3}.Release|Any CPU.Build.0 = Release|Any CPU
	EndGlobalSection
	GlobalSection(SolutionProperties) = preSolution
		HideSolutionNode = FALSE
	EndGlobalSection
	GlobalSection(MonoDevelopProperties) = preSolution
		StartupItem = Assembly-CSharp.csproj
	EndGlobalSection
EndGlobal
